// !$*UTF8*$!
{
	archiveVersion = 1;
	classes = {
	};
	objectVersion = 48;
	objects = {

/* Begin PBXBuildFile section */
		089235531FEACC2D0091E8E3 /* MapSceneViewController.swift in Sources */ = {isa = PBXBuildFile; fileRef = 089235521FEACC2D0091E8E3 /* MapSceneViewController.swift */; };
		0892355B1FEACCBD0091E8E3 /* Model.xcdatamodeld in Sources */ = {isa = PBXBuildFile; fileRef = 089235591FEACCBD0091E8E3 /* Model.xcdatamodeld */; };
		0892355E1FEACE640091E8E3 /* network.swift in Sources */ = {isa = PBXBuildFile; fileRef = 0892355D1FEACE640091E8E3 /* network.swift */; };
		08D5957C1FE97B9B001E5737 /* AppDelegate.swift in Sources */ = {isa = PBXBuildFile; fileRef = 08D5957B1FE97B9B001E5737 /* AppDelegate.swift */; };
		08D595811FE97B9B001E5737 /* Main.storyboard in Resources */ = {isa = PBXBuildFile; fileRef = 08D5957F1FE97B9B001E5737 /* Main.storyboard */; };
		08D595831FE97B9B001E5737 /* Assets.xcassets in Resources */ = {isa = PBXBuildFile; fileRef = 08D595821FE97B9B001E5737 /* Assets.xcassets */; };
		08D595861FE97B9B001E5737 /* LaunchScreen.storyboard in Resources */ = {isa = PBXBuildFile; fileRef = 08D595841FE97B9B001E5737 /* LaunchScreen.storyboard */; };
		08D595911FE97B9C001E5737 /* VRTouristTests.swift in Sources */ = {isa = PBXBuildFile; fileRef = 08D595901FE97B9C001E5737 /* VRTouristTests.swift */; };
		08D5959C1FE97B9C001E5737 /* VRTouristUITests.swift in Sources */ = {isa = PBXBuildFile; fileRef = 08D5959B1FE97B9C001E5737 /* VRTouristUITests.swift */; };
/* End PBXBuildFile section */

/* Begin PBXContainerItemProxy section */
		08D5958D1FE97B9C001E5737 /* PBXContainerItemProxy */ = {
			isa = PBXContainerItemProxy;
			containerPortal = 08D595701FE97B9B001E5737 /* Project object */;
			proxyType = 1;
			remoteGlobalIDString = 08D595771FE97B9B001E5737;
			remoteInfo = VRTourist;
		};
		08D595981FE97B9C001E5737 /* PBXContainerItemProxy */ = {
			isa = PBXContainerItemProxy;
			containerPortal = 08D595701FE97B9B001E5737 /* Project object */;
			proxyType = 1;
			remoteGlobalIDString = 08D595771FE97B9B001E5737;
			remoteInfo = VRTourist;
		};
/* End PBXContainerItemProxy section */

/* Begin PBXFileReference section */
		089235521FEACC2D0091E8E3 /* MapSceneViewController.swift */ = {isa = PBXFileReference; lastKnownFileType = sourcecode.swift; path = MapSceneViewController.swift; sourceTree = "<group>"; };
		0892355A1FEACCBD0091E8E3 /* Model.xcdatamodel */ = {isa = PBXFileReference; lastKnownFileType = wrapper.xcdatamodel; path = Model.xcdatamodel; sourceTree = "<group>"; };
		0892355D1FEACE640091E8E3 /* network.swift */ = {isa = PBXFileReference; lastKnownFileType = sourcecode.swift; path = network.swift; sourceTree = "<group>"; };
		08D595781FE97B9B001E5737 /* VRTourist.app */ = {isa = PBXFileReference; explicitFileType = wrapper.application; includeInIndex = 0; path = VRTourist.app; sourceTree = BUILT_PRODUCTS_DIR; };
		08D5957B1FE97B9B001E5737 /* AppDelegate.swift */ = {isa = PBXFileReference; lastKnownFileType = sourcecode.swift; path = AppDelegate.swift; sourceTree = "<group>"; };
		08D595801FE97B9B001E5737 /* Base */ = {isa = PBXFileReference; lastKnownFileType = file.storyboard; name = Base; path = Base.lproj/Main.storyboard; sourceTree = "<group>"; };
		08D595821FE97B9B001E5737 /* Assets.xcassets */ = {isa = PBXFileReference; lastKnownFileType = folder.assetcatalog; path = Assets.xcassets; sourceTree = "<group>"; };
		08D595851FE97B9B001E5737 /* Base */ = {isa = PBXFileReference; lastKnownFileType = file.storyboard; name = Base; path = Base.lproj/LaunchScreen.storyboard; sourceTree = "<group>"; };
		08D595871FE97B9B001E5737 /* Info.plist */ = {isa = PBXFileReference; lastKnownFileType = text.plist.xml; path = Info.plist; sourceTree = "<group>"; };
		08D5958C1FE97B9C001E5737 /* VRTouristTests.xctest */ = {isa = PBXFileReference; explicitFileType = wrapper.cfbundle; includeInIndex = 0; path = VRTouristTests.xctest; sourceTree = BUILT_PRODUCTS_DIR; };
		08D595901FE97B9C001E5737 /* VRTouristTests.swift */ = {isa = PBXFileReference; lastKnownFileType = sourcecode.swift; path = VRTouristTests.swift; sourceTree = "<group>"; };
		08D595921FE97B9C001E5737 /* Info.plist */ = {isa = PBXFileReference; lastKnownFileType = text.plist.xml; path = Info.plist; sourceTree = "<group>"; };
		08D595971FE97B9C001E5737 /* VRTouristUITests.xctest */ = {isa = PBXFileReference; explicitFileType = wrapper.cfbundle; includeInIndex = 0; path = VRTouristUITests.xctest; sourceTree = BUILT_PRODUCTS_DIR; };
		08D5959B1FE97B9C001E5737 /* VRTouristUITests.swift */ = {isa = PBXFileReference; lastKnownFileType = sourcecode.swift; path = VRTouristUITests.swift; sourceTree = "<group>"; };
		08D5959D1FE97B9C001E5737 /* Info.plist */ = {isa = PBXFileReference; lastKnownFileType = text.plist.xml; path = Info.plist; sourceTree = "<group>"; };
/* End PBXFileReference section */

/* Begin PBXFrameworksBuildPhase section */
		08D595751FE97B9B001E5737 /* Frameworks */ = {
			isa = PBXFrameworksBuildPhase;
			buildActionMask = 2147483647;
			files = (
			);
			runOnlyForDeploymentPostprocessing = 0;
		};
		08D595891FE97B9C001E5737 /* Frameworks */ = {
			isa = PBXFrameworksBuildPhase;
			buildActionMask = 2147483647;
			files = (
			);
			runOnlyForDeploymentPostprocessing = 0;
		};
		08D595941FE97B9C001E5737 /* Frameworks */ = {
			isa = PBXFrameworksBuildPhase;
			buildActionMask = 2147483647;
			files = (
			);
			runOnlyForDeploymentPostprocessing = 0;
		};
/* End PBXFrameworksBuildPhase section */

/* Begin PBXGroup section */
		089235541FEACC570091E8E3 /* model */ = {
			isa = PBXGroup;
			children = (
			);
			path = model;
			sourceTree = "<group>";
		};
		089235571FEACC7B0091E8E3 /* controller */ = {
			isa = PBXGroup;
			children = (
			);
			path = controller;
			sourceTree = "<group>";
		};
		089235581FEACC850091E8E3 /* view */ = {
			isa = PBXGroup;
			children = (
				08D5957A1FE97B9B001E5737 /* VRTourist */,
			);
			path = view;
			sourceTree = "<group>";
		};
		0892355C1FEACE300091E8E3 /* Networking */ = {
			isa = PBXGroup;
			children = (
				0892355D1FEACE640091E8E3 /* network.swift */,
			);
			path = Networking;
			sourceTree = "<group>";
		};
		08D5956F1FE97B9B001E5737 = {
			isa = PBXGroup;
			children = (
				0892355C1FEACE300091E8E3 /* Networking */,
				089235581FEACC850091E8E3 /* view */,
				089235571FEACC7B0091E8E3 /* controller */,
				089235541FEACC570091E8E3 /* model */,
				08D5958F1FE97B9C001E5737 /* VRTouristTests */,
				08D5959A1FE97B9C001E5737 /* VRTouristUITests */,
				08D595791FE97B9B001E5737 /* Products */,
			);
			sourceTree = "<group>";
		};
		08D595791FE97B9B001E5737 /* Products */ = {
			isa = PBXGroup;
			children = (
				08D595781FE97B9B001E5737 /* VRTourist.app */,
				08D5958C1FE97B9C001E5737 /* VRTouristTests.xctest */,
				08D595971FE97B9C001E5737 /* VRTouristUITests.xctest */,
			);
			name = Products;
			sourceTree = "<group>";
		};
		08D5957A1FE97B9B001E5737 /* VRTourist */ = {
			isa = PBXGroup;
			children = (
				08D5957B1FE97B9B001E5737 /* AppDelegate.swift */,
				08D5957F1FE97B9B001E5737 /* Main.storyboard */,
				08D595821FE97B9B001E5737 /* Assets.xcassets */,
				089235521FEACC2D0091E8E3 /* MapSceneViewController.swift */,
				08D595841FE97B9B001E5737 /* LaunchScreen.storyboard */,
				089235591FEACCBD0091E8E3 /* Model.xcdatamodeld */,
				08D595871FE97B9B001E5737 /* Info.plist */,
			);
			path = VRTourist;
			sourceTree = "<group>";
		};
		08D5958F1FE97B9C001E5737 /* VRTouristTests */ = {
			isa = PBXGroup;
			children = (
				08D595901FE97B9C001E5737 /* VRTouristTests.swift */,
				08D595921FE97B9C001E5737 /* Info.plist */,
			);
			path = VRTouristTests;
			sourceTree = "<group>";
		};
		08D5959A1FE97B9C001E5737 /* VRTouristUITests */ = {
			isa = PBXGroup;
			children = (
				08D5959B1FE97B9C001E5737 /* VRTouristUITests.swift */,
				08D5959D1FE97B9C001E5737 /* Info.plist */,
			);
			path = VRTouristUITests;
			sourceTree = "<group>";
		};
/* End PBXGroup section */

/* Begin PBXNativeTarget section */
		08D595771FE97B9B001E5737 /* VRTourist */ = {
			isa = PBXNativeTarget;
			buildConfigurationList = 08D595A01FE97B9C001E5737 /* Build configuration list for PBXNativeTarget "VRTourist" */;
			buildPhases = (
				08D595741FE97B9B001E5737 /* Sources */,
				08D595751FE97B9B001E5737 /* Frameworks */,
				08D595761FE97B9B001E5737 /* Resources */,
			);
			buildRules = (
			);
			dependencies = (
			);
			name = VRTourist;
			productName = VRTourist;
			productReference = 08D595781FE97B9B001E5737 /* VRTourist.app */;
			productType = "com.apple.product-type.application";
		};
		08D5958B1FE97B9C001E5737 /* VRTouristTests */ = {
			isa = PBXNativeTarget;
			buildConfigurationList = 08D595A31FE97B9C001E5737 /* Build configuration list for PBXNativeTarget "VRTouristTests" */;
			buildPhases = (
				08D595881FE97B9C001E5737 /* Sources */,
				08D595891FE97B9C001E5737 /* Frameworks */,
				08D5958A1FE97B9C001E5737 /* Resources */,
			);
			buildRules = (
			);
			dependencies = (
				08D5958E1FE97B9C001E5737 /* PBXTargetDependency */,
			);
			name = VRTouristTests;
			productName = VRTouristTests;
			productReference = 08D5958C1FE97B9C001E5737 /* VRTouristTests.xctest */;
			productType = "com.apple.product-type.bundle.unit-test";
		};
		08D595961FE97B9C001E5737 /* VRTouristUITests */ = {
			isa = PBXNativeTarget;
			buildConfigurationList = 08D595A61FE97B9C001E5737 /* Build configuration list for PBXNativeTarget "VRTouristUITests" */;
			buildPhases = (
				08D595931FE97B9C001E5737 /* Sources */,
				08D595941FE97B9C001E5737 /* Frameworks */,
				08D595951FE97B9C001E5737 /* Resources */,
			);
			buildRules = (
			);
			dependencies = (
				08D595991FE97B9C001E5737 /* PBXTargetDependency */,
			);
			name = VRTouristUITests;
			productName = VRTouristUITests;
			productReference = 08D595971FE97B9C001E5737 /* VRTouristUITests.xctest */;
			productType = "com.apple.product-type.bundle.ui-testing";
		};
/* End PBXNativeTarget section */

/* Begin PBXProject section */
		08D595701FE97B9B001E5737 /* Project object */ = {
			isa = PBXProject;
			attributes = {
				LastSwiftUpdateCheck = 0910;
				LastUpgradeCheck = 0910;
				ORGANIZATIONNAME = "Rahul Dhiman";
				TargetAttributes = {
					08D595771FE97B9B001E5737 = {
						CreatedOnToolsVersion = 9.1;
						ProvisioningStyle = Automatic;
					};
					08D5958B1FE97B9C001E5737 = {
						CreatedOnToolsVersion = 9.1;
						ProvisioningStyle = Automatic;
						TestTargetID = 08D595771FE97B9B001E5737;
					};
					08D595961FE97B9C001E5737 = {
						CreatedOnToolsVersion = 9.1;
						ProvisioningStyle = Automatic;
						TestTargetID = 08D595771FE97B9B001E5737;
					};
				};
			};
			buildConfigurationList = 08D595731FE97B9B001E5737 /* Build configuration list for PBXProject "VRTourist" */;
			compatibilityVersion = "Xcode 8.0";
			developmentRegion = en;
			hasScannedForEncodings = 0;
			knownRegions = (
				en,
				Base,
			);
			mainGroup = 08D5956F1FE97B9B001E5737;
			productRefGroup = 08D595791FE97B9B001E5737 /* Products */;
			projectDirPath = "";
			projectRoot = "";
			targets = (
				08D595771FE97B9B001E5737 /* VRTourist */,
				08D5958B1FE97B9C001E5737 /* VRTouristTests */,
				08D595961FE97B9C001E5737 /* VRTouristUITests */,
			);
		};
/* End PBXProject section */

/* Begin PBXResourcesBuildPhase section */
		08D595761FE97B9B001E5737 /* Resources */ = {
			isa = PBXResourcesBuildPhase;
			buildActionMask = 2147483647;
			files = (
				08D595861FE97B9B001E5737 /* LaunchScreen.storyboard in Resources */,
				08D595831FE97B9B001E5737 /* Assets.xcassets in Resources */,
				08D595811FE97B9B001E5737 /* Main.storyboard in Resources */,
			);
			runOnlyForDeploymentPostprocessing = 0;
		};
		08D5958A1FE97B9C001E5737 /* Resources */ = {
			isa = PBXResourcesBuildPhase;
			buildActionMask = 2147483647;
			files = (
			);
			runOnlyForDeploymentPostprocessing = 0;
		};
		08D595951FE97B9C001E5737 /* Resources */ = {
			isa = PBXResourcesBuildPhase;
			buildActionMask = 2147483647;
			files = (
			);
			runOnlyForDeploymentPostprocessing = 0;
		};
/* End PBXResourcesBuildPhase section */

/* Begin PBXSourcesBuildPhase section */
		08D595741FE97B9B001E5737 /* Sources */ = {
			isa = PBXSourcesBuildPhase;
			buildActionMask = 2147483647;
			files = (
				089235531FEACC2D0091E8E3 /* MapSceneViewController.swift in Sources */,
				08D5957C1FE97B9B001E5737 /* AppDelegate.swift in Sources */,
				0892355E1FEACE640091E8E3 /* network.swift in Sources */,
				0892355B1FEACCBD0091E8E3 /* Model.xcdatamodeld in Sources */,
			);
			runOnlyForDeploymentPostprocessing = 0;
		};
		08D595881FE97B9C001E5737 /* Sources */ = {
			isa = PBXSourcesBuildPhase;
			buildActionMask = 2147483647;
			files = (
				08D595911FE97B9C001E5737 /* VRTouristTests.swift in Sources */,
			);
			runOnlyForDeploymentPostprocessing = 0;
		};
		08D595931FE97B9C001E5737 /* Sources */ = {
			isa = PBXSourcesBuildPhase;
			buildActionMask = 2147483647;
			files = (
				08D5959C1FE97B9C001E5737 /* VRTouristUITests.swift in Sources */,
			);
			runOnlyForDeploymentPostprocessing = 0;
		};
/* End PBXSourcesBuildPhase section */

/* Begin PBXTargetDependency section */
		08D5958E1FE97B9C001E5737 /* PBXTargetDependency */ = {
			isa = PBXTargetDependency;
			target = 08D595771FE97B9B001E5737 /* VRTourist */;
			targetProxy = 08D5958D1FE97B9C001E5737 /* PBXContainerItemProxy */;
		};
		08D595991FE97B9C001E5737 /* PBXTargetDependency */ = {
			isa = PBXTargetDependency;
			target = 08D595771FE97B9B001E5737 /* VRTourist */;
			targetProxy = 08D595981FE97B9C001E5737 /* PBXContainerItemProxy */;
		};
/* End PBXTargetDependency section */

/* Begin PBXVariantGroup section */
		08D5957F1FE97B9B001E5737 /* Main.storyboard */ = {
			isa = PBXVariantGroup;
			children = (
				08D595801FE97B9B001E5737 /* Base */,
			);
			name = Main.storyboard;
			sourceTree = "<group>";
		};
		08D595841FE97B9B001E5737 /* LaunchScreen.storyboard */ = {
			isa = PBXVariantGroup;
			children = (
				08D595851FE97B9B001E5737 /* Base */,
			);
			name = LaunchScreen.storyboard;
			sourceTree = "<group>";
		};
/* End PBXVariantGroup section */

/* Begin XCBuildConfiguration section */
		08D5959E1FE97B9C001E5737 /* Debug */ = {
			isa = XCBuildConfiguration;
			buildSettings = {
				ALWAYS_SEARCH_USER_PATHS = NO;
				CLANG_ANALYZER_NONNULL = YES;
				CLANG_ANALYZER_NUMBER_OBJECT_CONVERSION = YES_AGGRESSIVE;
				CLANG_CXX_LANGUAGE_STANDARD = "gnu++14";
				CLANG_CXX_LIBRARY = "libc++";
				CLANG_ENABLE_MODULES = YES;
				CLANG_ENABLE_OBJC_ARC = YES;
				CLANG_WARN_BLOCK_CAPTURE_AUTORELEASING = YES;
				CLANG_WARN_BOOL_CONVERSION = YES;
				CLANG_WARN_COMMA = YES;
				CLANG_WARN_CONSTANT_CONVERSION = YES;
				CLANG_WARN_DIRECT_OBJC_ISA_USAGE = YES_ERROR;
				CLANG_WARN_DOCUMENTATION_COMMENTS = YES;
				CLANG_WARN_EMPTY_BODY = YES;
				CLANG_WARN_ENUM_CONVERSION = YES;
				CLANG_WARN_INFINITE_RECURSION = YES;
				CLANG_WARN_INT_CONVERSION = YES;
				CLANG_WARN_NON_LITERAL_NULL_CONVERSION = YES;
				CLANG_WARN_OBJC_LITERAL_CONVERSION = YES;
				CLANG_WARN_OBJC_ROOT_CLASS = YES_ERROR;
				CLANG_WARN_RANGE_LOOP_ANALYSIS = YES;
				CLANG_WARN_STRICT_PROTOTYPES = YES;
				CLANG_WARN_SUSPICIOUS_MOVE = YES;
				CLANG_WARN_UNGUARDED_AVAILABILITY = YES_AGGRESSIVE;
				CLANG_WARN_UNREACHABLE_CODE = YES;
				CLANG_WARN__DUPLICATE_METHOD_MATCH = YES;
				CODE_SIGN_IDENTITY = "iPhone Developer";
				COPY_PHASE_STRIP = NO;
				DEBUG_INFORMATION_FORMAT = dwarf;
				ENABLE_STRICT_OBJC_MSGSEND = YES;
				ENABLE_TESTABILITY = YES;
				GCC_C_LANGUAGE_STANDARD = gnu11;
				GCC_DYNAMIC_NO_PIC = NO;
				GCC_NO_COMMON_BLOCKS = YES;
				GCC_OPTIMIZATION_LEVEL = 0;
				GCC_PREPROCESSOR_DEFINITIONS = (
					"DEBUG=1",
					"$(inherited)",
				);
				GCC_WARN_64_TO_32_BIT_CONVERSION = YES;
				GCC_WARN_ABOUT_RETURN_TYPE = YES_ERROR;
				GCC_WARN_UNDECLARED_SELECTOR = YES;
				GCC_WARN_UNINITIALIZED_AUTOS = YES_AGGRESSIVE;
				GCC_WARN_UNUSED_FUNCTION = YES;
				GCC_WARN_UNUSED_VARIABLE = YES;
				IPHONEOS_DEPLOYMENT_TARGET = 11.1;
				MTL_ENABLE_DEBUG_INFO = YES;
				ONLY_ACTIVE_ARCH = YES;
				SDKROOT = iphoneos;
				SWIFT_ACTIVE_COMPILATION_CONDITIONS = DEBUG;
				SWIFT_OPTIMIZATION_LEVEL = "-Onone";
			};
			name = Debug;
		};
		08D5959F1FE97B9C001E5737 /* Release */ = {
			isa = XCBuildConfiguration;
			buildSettings = {
				ALWAYS_SEARCH_USER_PATHS = NO;
				CLANG_ANALYZER_NONNULL = YES;
				CLANG_ANALYZER_NUMBER_OBJECT_CONVERSION = YES_AGGRESSIVE;
				CLANG_CXX_LANGUAGE_STANDARD = "gnu++14";
				CLANG_CXX_LIBRARY = "libc++";
				CLANG_ENABLE_MODULES = YES;
				CLANG_ENABLE_OBJC_ARC = YES;
				CLANG_WARN_BLOCK_CAPTURE_AUTORELEASING = YES;
				CLANG_WARN_BOOL_CONVERSION = YES;
				CLANG_WARN_COMMA = YES;
				CLANG_WARN_CONSTANT_CONVERSION = YES;
				CLANG_WARN_DIRECT_OBJC_ISA_USAGE = YES_ERROR;
				CLANG_WARN_DOCUMENTATION_COMMENTS = YES;
				CLANG_WARN_EMPTY_BODY = YES;
				CLANG_WARN_ENUM_CONVERSION = YES;
				CLANG_WARN_INFINITE_RECURSION = YES;
				CLANG_WARN_INT_CONVERSION = YES;
				CLANG_WARN_NON_LITERAL_NULL_CONVERSION = YES;
				CLANG_WARN_OBJC_LITERAL_CONVERSION = YES;
				CLANG_WARN_OBJC_ROOT_CLASS = YES_ERROR;
				CLANG_WARN_RANGE_LOOP_ANALYSIS = YES;
				CLANG_WARN_STRICT_PROTOTYPES = YES;
				CLANG_WARN_SUSPICIOUS_MOVE = YES;
				CLANG_WARN_UNGUARDED_AVAILABILITY = YES_AGGRESSIVE;
				CLANG_WARN_UNREACHABLE_CODE = YES;
				CLANG_WARN__DUPLICATE_METHOD_MATCH = YES;
				CODE_SIGN_IDENTITY = "iPhone Developer";
				COPY_PHASE_STRIP = NO;
				DEBUG_INFORMATION_FORMAT = "dwarf-with-dsym";
				ENABLE_NS_ASSERTIONS = NO;
				ENABLE_STRICT_OBJC_MSGSEND = YES;
				GCC_C_LANGUAGE_STANDARD = gnu11;
				GCC_NO_COMMON_BLOCKS = YES;
				GCC_WARN_64_TO_32_BIT_CONVERSION = YES;
				GCC_WARN_ABOUT_RETURN_TYPE = YES_ERROR;
				GCC_WARN_UNDECLARED_SELECTOR = YES;
				GCC_WARN_UNINITIALIZED_AUTOS = YES_AGGRESSIVE;
				GCC_WARN_UNUSED_FUNCTION = YES;
				GCC_WARN_UNUSED_VARIABLE = YES;
				IPHONEOS_DEPLOYMENT_TARGET = 11.1;
				MTL_ENABLE_DEBUG_INFO = NO;
				SDKROOT = iphoneos;
				SWIFT_OPTIMIZATION_LEVEL = "-Owholemodule";
				VALIDATE_PRODUCT = YES;
			};
			name = Release;
		};
		08D595A11FE97B9C001E5737 /* Debug */ = {
			isa = XCBuildConfiguration;
			buildSettings = {
				ASSETCATALOG_COMPILER_APPICON_NAME = AppIcon;
				CODE_SIGN_STYLE = Automatic;
				DEVELOPMENT_TEAM = BM93ACT257;
				INFOPLIST_FILE = VRTourist/Info.plist;
				LD_RUNPATH_SEARCH_PATHS = "$(inherited) @executable_path/Frameworks";
				PRODUCT_BUNDLE_IDENTIFIER = com.rahul.VRTourist;
				PRODUCT_NAME = "$(TARGET_NAME)";
				SWIFT_VERSION = 4.0;
				TARGETED_DEVICE_FAMILY = "1,2";
			};
			name = Debug;
		};
		08D595A21FE97B9C001E5737 /* Release */ = {
			isa = XCBuildConfiguration;
			buildSettings = {
				ASSETCATALOG_COMPILER_APPICON_NAME = AppIcon;
				CODE_SIGN_STYLE = Automatic;
				DEVELOPMENT_TEAM = BM93ACT257;
				INFOPLIST_FILE = VRTourist/Info.plist;
				LD_RUNPATH_SEARCH_PATHS = "$(inherited) @executable_path/Frameworks";
				PRODUCT_BUNDLE_IDENTIFIER = com.rahul.VRTourist;
				PRODUCT_NAME = "$(TARGET_NAME)";
				SWIFT_VERSION = 4.0;
				TARGETED_DEVICE_FAMILY = "1,2";
			};
			name = Release;
		};
		08D595A41FE97B9C001E5737 /* Debug */ = {
			isa = XCBuildConfiguration;
			buildSettings = {
				ALWAYS_EMBED_SWIFT_STANDARD_LIBRARIES = YES;
				BUNDLE_LOADER = "$(TEST_HOST)";
				CODE_SIGN_STYLE = Automatic;
				DEVELOPMENT_TEAM = BM93ACT257;
				INFOPLIST_FILE = VRTouristTests/Info.plist;
				LD_RUNPATH_SEARCH_PATHS = "$(inherited) @executable_path/Frameworks @loader_path/Frameworks";
				PRODUCT_BUNDLE_IDENTIFIER = com.rahul.VRTouristTests;
				PRODUCT_NAME = "$(TARGET_NAME)";
				SWIFT_VERSION = 4.0;
				TARGETED_DEVICE_FAMILY = "1,2";
				TEST_HOST = "$(BUILT_PRODUCTS_DIR)/VRTourist.app/VRTourist";
			};
			name = Debug;
		};
		08D595A51FE97B9C001E5737 /* Release */ = {
			isa = XCBuildConfiguration;
			buildSettings = {
				ALWAYS_EMBED_SWIFT_STANDARD_LIBRARIES = YES;
				BUNDLE_LOADER = "$(TEST_HOST)";
				CODE_SIGN_STYLE = Automatic;
				DEVELOPMENT_TEAM = BM93ACT257;
				INFOPLIST_FILE = VRTouristTests/Info.plist;
				LD_RUNPATH_SEARCH_PATHS = "$(inherited) @executable_path/Frameworks @loader_path/Frameworks";
				PRODUCT_BUNDLE_IDENTIFIER = com.rahul.VRTouristTests;
				PRODUCT_NAME = "$(TARGET_NAME)";
				SWIFT_VERSION = 4.0;
				TARGETED_DEVICE_FAMILY = "1,2";
				TEST_HOST = "$(BUILT_PRODUCTS_DIR)/VRTourist.app/VRTourist";
			};
			name = Release;
		};
		08D595A71FE97B9C001E5737 /* Debug */ = {
			isa = XCBuildConfiguration;
			buildSettings = {
				ALWAYS_EMBED_SWIFT_STANDARD_LIBRARIES = YES;
				CODE_SIGN_STYLE = Automatic;
				DEVELOPMENT_TEAM = BM93ACT257;
				INFOPLIST_FILE = VRTouristUITests/Info.plist;
				LD_RUNPATH_SEARCH_PATHS = "$(inherited) @executable_path/Frameworks @loader_path/Frameworks";
				PRODUCT_BUNDLE_IDENTIFIER = com.rahul.VRTouristUITests;
				PRODUCT_NAME = "$(TARGET_NAME)";
				SWIFT_VERSION = 4.0;
				TARGETED_DEVICE_FAMILY = "1,2";
				TEST_TARGET_NAME = VRTourist;
			};
			name = Debug;
		};
		08D595A81FE97B9C001E5737 /* Release */ = {
			isa = XCBuildConfiguration;
			buildSettings = {
				ALWAYS_EMBED_SWIFT_STANDARD_LIBRARIES = YES;
				CODE_SIGN_STYLE = Automatic;
				DEVELOPMENT_TEAM = BM93ACT257;
				INFOPLIST_FILE = VRTouristUITests/Info.plist;
				LD_RUNPATH_SEARCH_PATHS = "$(inherited) @executable_path/Frameworks @loader_path/Frameworks";
				PRODUCT_BUNDLE_IDENTIFIER = com.rahul.VRTouristUITests;
				PRODUCT_NAME = "$(TARGET_NAME)";
				SWIFT_VERSION = 4.0;
				TARGETED_DEVICE_FAMILY = "1,2";
				TEST_TARGET_NAME = VRTourist;
			};
			name = Release;
		};
/* End XCBuildConfiguration section */

/* Begin XCConfigurationList section */
		08D595731FE97B9B001E5737 /* Build configuration list for PBXProject "VRTourist" */ = {
			isa = XCConfigurationList;
			buildConfigurations = (
				08D5959E1FE97B9C001E5737 /* Debug */,
				08D5959F1FE97B9C001E5737 /* Release */,
			);
			defaultConfigurationIsVisible = 0;
			defaultConfigurationName = Release;
		};
		08D595A01FE97B9C001E5737 /* Build configuration list for PBXNativeTarget "VRTourist" */ = {
			isa = XCConfigurationList;
			buildConfigurations = (
				08D595A11FE97B9C001E5737 /* Debug */,
				08D595A21FE97B9C001E5737 /* Release */,
			);
			defaultConfigurationIsVisible = 0;
			defaultConfigurationName = Release;
		};
		08D595A31FE97B9C001E5737 /* Build configuration list for PBXNativeTarget "VRTouristTests" */ = {
			isa = XCConfigurationList;
			buildConfigurations = (
				08D595A41FE97B9C001E5737 /* Debug */,
				08D595A51FE97B9C001E5737 /* Release */,
			);
			defaultConfigurationIsVisible = 0;
			defaultConfigurationName = Release;
		};
		08D595A61FE97B9C001E5737 /* Build configuration list for PBXNativeTarget "VRTouristUITests" */ = {
			isa = XCConfigurationList;
			buildConfigurations = (
				08D595A71FE97B9C001E5737 /* Debug */,
				08D595A81FE97B9C001E5737 /* Release */,
			);
			defaultConfigurationIsVisible = 0;
			defaultConfigurationName = Release;
		};
/* End XCConfigurationList section */

/* Begin XCVersionGroup section */
		089235591FEACCBD0091E8E3 /* Model.xcdatamodeld */ = {
			isa = XCVersionGroup;
			children = (
				0892355A1FEACCBD0091E8E3 /* Model.xcdatamodel */,
			);
			currentVersion = 0892355A1FEACCBD0091E8E3 /* Model.xcdatamodel */;
			path = Model.xcdatamodeld;
			sourceTree = "<group>";
			versionGroupType = wrapper.xcdatamodel;
		};
/* End XCVersionGroup section */
	};
	rootObject = 08D595701FE97B9B001E5737 /* Project object */;
}
